
Microsoft Visual Studio Solution File, Format Version 12.00
# Visual Studio 2013
VisualStudioVersion = 12.0.40629.0
MinimumVisualStudioVersion = 10.0.40219.1
Project("{FAE04EC0-301F-11D3-BF4B-00C04F79EFBC}") = "Ddmurthare.Service", "Ddmurthare.Service\Ddmurthare.Service.csproj", "{39372336-5AC4-45EA-8BD8-42BC7CC7EA95}"
EndProject
Project("{FAE04EC0-301F-11D3-BF4B-00C04F79EFBC}") = "Ddmurthare.ConsoleApp", "Ddmurthare.Console\Ddmurthare.ConsoleApp.csproj", "{328B45A6-B501-41FD-BFA9-B2791A6C9E7B}"
EndProject
Global
	GlobalSection(SolutionConfigurationPlatforms) = preSolution
		Debug|Any CPU = Debug|Any CPU
		Release|Any CPU = Release|Any CPU
	EndGlobalSection
	GlobalSection(ProjectConfigurationPlatforms) = postSolution
		{39372336-5AC4-45EA-8BD8-42BC7CC7EA95}.Debug|Any CPU.ActiveCfg = Debug|Any CPU
		{39372336-5AC4-45EA-8BD8-42BC7CC7EA95}.Debug|Any CPU.Build.0 = Debug|Any CPU
		{39372336-5AC4-45EA-8BD8-42BC7CC7EA95}.Release|Any CPU.ActiveCfg = Release|Any CPU
		{39372336-5AC4-45EA-8BD8-42BC7CC7EA95}.Release|Any CPU.Build.0 = Release|Any CPU
		{328B45A6-B501-41FD-BFA9-B2791A6C9E7B}.Debug|Any CPU.ActiveCfg = Debug|Any CPU
		{328B45A6-B501-41FD-BFA9-B2791A6C9E7B}.Debug|Any CPU.Build.0 = Debug|Any CPU
		{328B45A6-B501-41FD-BFA9-B2791A6C9E7B}.Release|Any CPU.ActiveCfg = Release|Any CPU
		{328B45A6-B501-41FD-BFA9-B2791A6C9E7B}.Release|Any CPU.Build.0 = Release|Any CPU
	EndGlobalSection
	GlobalSection(SolutionProperties) = preSolution
		HideSolutionNode = FALSE
	EndGlobalSection
EndGlobal
